{
  "pins" : [
    {
      "identity" : "sfsafesymbols",
      "kind" : "remoteSourceControl",
      "location" : "https://github.com/SFSafeSymbols/SFSafeSymbols",
      "state" : {
        "revision" : "3dd282d3269b061853a3b3bcd23a509d2aa166ce",
        "version" : "6.2.0"
      }
    }
  ],
  "version" : 2
}
