{
  "pins" : [
    {
      "identity" : "lorenzokit",
      "kind" : "remoteSourceControl",
      "location" : "https://github.com/LorenzoWoodTech/LorenzoKit.git",
      "state" : {
        "branch" : "main",
        "revision" : "dda45f158bfe254eccf8877b0e69e01ac21f77af"
      }
    },
    {
      "identity" : "sfsafesymbols",
      "kind" : "remoteSourceControl",
      "location" : "https://github.com/SFSafeSymbols/SFSafeSymbols",
      "state" : {
        "revision" : "3dd282d3269b061853a3b3bcd23a509d2aa166ce",
        "version" : "6.2.0"
      }
    }
  ],
  "version" : 2
}
